
Microsoft Visual Studio Solution File, Format Version 12.00
# Visual Studio 15
VisualStudioVersion = 15.0.28307.329
MinimumVisualStudioVersion = 10.0.40219.1
Project("{FAE04EC0-301F-11D3-BF4B-00C04F79EFBC}") = "MyVoice", "MyVoice\MyVoice.csproj", "{BBE2F786-C2DE-4622-AF44-92F8A2073727}"
EndProject
Global
	GlobalSection(SolutionConfigurationPlatforms) = preSolution
		Debug|Any CPU = Debug|Any CPU
		Release|Any CPU = Release|Any CPU
	EndGlobalSection
	GlobalSection(ProjectConfigurationPlatforms) = postSolution
		{BBE2F786-C2DE-4622-AF44-92F8A2073727}.Debug|Any CPU.ActiveCfg = Debug|Any CPU
		{BBE2F786-C2DE-4622-AF44-92F8A2073727}.Debug|Any CPU.Build.0 = Debug|Any CPU
		{BBE2F786-C2DE-4622-AF44-92F8A2073727}.Release|Any CPU.ActiveCfg = Release|Any CPU
		{BBE2F786-C2DE-4622-AF44-92F8A2073727}.Release|Any CPU.Build.0 = Release|Any CPU
	EndGlobalSection
	GlobalSection(SolutionProperties) = preSolution
		HideSolutionNode = FALSE
	EndGlobalSection
	GlobalSection(ExtensibilityGlobals) = postSolution
		SolutionGuid = {50B0FD7F-B2F4-4EBF-B088-94A964CEF0F2}
	EndGlobalSection
EndGlobal
